
Microsoft Visual Studio Solution File, Format Version 12.00
# Visual Studio 15
Project("{FAE04EC0-301F-11D3-BF4B-00C04F79EFBC}") = "Assembly-CSharp", "Assembly-CSharp.csproj", "{F872845A-C94F-64D2-EAAE-DC3B278E9645}"
EndProject
Project("{FAE04EC0-301F-11D3-BF4B-00C04F79EFBC}") = "Assembly-CSharp-Editor", "Assembly-CSharp-Editor.csproj", "{661F58DB-40D7-1C38-DF53-D364CFAE7896}"
EndProject
Global
	GlobalSection(SolutionConfigurationPlatforms) = preSolution
		Debug|Any CPU = Debug|Any CPU
		Release|Any CPU = Release|Any CPU
	EndGlobalSection
	GlobalSection(ProjectConfigurationPlatforms) = postSolution
		{F872845A-C94F-64D2-EAAE-DC3B278E9645}.Debug|Any CPU.ActiveCfg = Debug|Any CPU
		{F872845A-C94F-64D2-EAAE-DC3B278E9645}.Debug|Any CPU.Build.0 = Debug|Any CPU
		{F872845A-C94F-64D2-EAAE-DC3B278E9645}.Release|Any CPU.ActiveCfg = Release|Any CPU
		{F872845A-C94F-64D2-EAAE-DC3B278E9645}.Release|Any CPU.Build.0 = Release|Any CPU
		{661F58DB-40D7-1C38-DF53-D364CFAE7896}.Debug|Any CPU.ActiveCfg = Debug|Any CPU
		{661F58DB-40D7-1C38-DF53-D364CFAE7896}.Debug|Any CPU.Build.0 = Debug|Any CPU
		{661F58DB-40D7-1C38-DF53-D364CFAE7896}.Release|Any CPU.ActiveCfg = Release|Any CPU
		{661F58DB-40D7-1C38-DF53-D364CFAE7896}.Release|Any CPU.Build.0 = Release|Any CPU
	EndGlobalSection
	GlobalSection(SolutionProperties) = preSolution
		HideSolutionNode = FALSE
	EndGlobalSection
EndGlobal
